
Microsoft Visual Studio Solution File, Format Version 12.00
# Visual Studio Version 17
VisualStudioVersion = 17.12.35521.163
MinimumVisualStudioVersion = 10.0.40219.1
Project("{FAE04EC0-301F-11D3-BF4B-00C04F79EFBC}") = "Day01", "Day01\Day01.csproj", "{DB60DBA8-771F-44CA-9C8D-AD7E8EC61906}"
EndProject
Project("{FAE04EC0-301F-11D3-BF4B-00C04F79EFBC}") = "Day02", "Day02\Day02.csproj", "{12955712-BF0A-47D4-B8BB-DD9FC4D6DB9E}"
EndProject
Project("{2150E333-8FDC-42A3-9474-1A3956D46DE8}") = "Solution Items", "Solution Items", "{1E0D95F0-A977-4BB3-A71F-CED410D69714}"
	ProjectSection(SolutionItems) = preProject
		README.md = README.md
	EndProjectSection
EndProject
Project("{FAE04EC0-301F-11D3-BF4B-00C04F79EFBC}") = "Day03", "Day03\Day03.csproj", "{C1CACB07-E57A-4ADF-A9F8-0E7CF2354608}"
EndProject
Project("{FAE04EC0-301F-11D3-BF4B-00C04F79EFBC}") = "Day04", "Day04\Day04.csproj", "{F72127C1-1C09-48A9-A2C7-ACC7AC67D15F}"
EndProject
Project("{FAE04EC0-301F-11D3-BF4B-00C04F79EFBC}") = "Day05", "Day05\Day05.csproj", "{2A55F833-23B3-455A-9DFE-CC5A44165F53}"
EndProject
Project("{FAE04EC0-301F-11D3-BF4B-00C04F79EFBC}") = "Day06", "Day06\Day06.csproj", "{C33AAE2F-858D-45F3-BD10-F710C400EE08}"
EndProject
Project("{FAE04EC0-301F-11D3-BF4B-00C04F79EFBC}") = "Day07", "Day07\Day07.csproj", "{2BBE9280-D23B-4563-82A6-34550B31BACA}"
EndProject
Project("{FAE04EC0-301F-11D3-BF4B-00C04F79EFBC}") = "Day08", "Day08\Day08.csproj", "{87193E3F-6E26-47DA-8507-B496D93E7E67}"
EndProject
Global
	GlobalSection(SolutionConfigurationPlatforms) = preSolution
		Debug|Any CPU = Debug|Any CPU
		Release|Any CPU = Release|Any CPU
	EndGlobalSection
	GlobalSection(ProjectConfigurationPlatforms) = postSolution
		{DB60DBA8-771F-44CA-9C8D-AD7E8EC61906}.Debug|Any CPU.ActiveCfg = Debug|Any CPU
		{DB60DBA8-771F-44CA-9C8D-AD7E8EC61906}.Debug|Any CPU.Build.0 = Debug|Any CPU
		{DB60DBA8-771F-44CA-9C8D-AD7E8EC61906}.Release|Any CPU.ActiveCfg = Release|Any CPU
		{DB60DBA8-771F-44CA-9C8D-AD7E8EC61906}.Release|Any CPU.Build.0 = Release|Any CPU
		{12955712-BF0A-47D4-B8BB-DD9FC4D6DB9E}.Debug|Any CPU.ActiveCfg = Debug|Any CPU
		{12955712-BF0A-47D4-B8BB-DD9FC4D6DB9E}.Debug|Any CPU.Build.0 = Debug|Any CPU
		{12955712-BF0A-47D4-B8BB-DD9FC4D6DB9E}.Release|Any CPU.ActiveCfg = Release|Any CPU
		{12955712-BF0A-47D4-B8BB-DD9FC4D6DB9E}.Release|Any CPU.Build.0 = Release|Any CPU
		{C1CACB07-E57A-4ADF-A9F8-0E7CF2354608}.Debug|Any CPU.ActiveCfg = Debug|Any CPU
		{C1CACB07-E57A-4ADF-A9F8-0E7CF2354608}.Debug|Any CPU.Build.0 = Debug|Any CPU
		{C1CACB07-E57A-4ADF-A9F8-0E7CF2354608}.Release|Any CPU.ActiveCfg = Release|Any CPU
		{C1CACB07-E57A-4ADF-A9F8-0E7CF2354608}.Release|Any CPU.Build.0 = Release|Any CPU
		{F72127C1-1C09-48A9-A2C7-ACC7AC67D15F}.Debug|Any CPU.ActiveCfg = Debug|Any CPU
		{F72127C1-1C09-48A9-A2C7-ACC7AC67D15F}.Debug|Any CPU.Build.0 = Debug|Any CPU
		{F72127C1-1C09-48A9-A2C7-ACC7AC67D15F}.Release|Any CPU.ActiveCfg = Release|Any CPU
		{F72127C1-1C09-48A9-A2C7-ACC7AC67D15F}.Release|Any CPU.Build.0 = Release|Any CPU
		{2A55F833-23B3-455A-9DFE-CC5A44165F53}.Debug|Any CPU.ActiveCfg = Debug|Any CPU
		{2A55F833-23B3-455A-9DFE-CC5A44165F53}.Debug|Any CPU.Build.0 = Debug|Any CPU
		{2A55F833-23B3-455A-9DFE-CC5A44165F53}.Release|Any CPU.ActiveCfg = Release|Any CPU
		{2A55F833-23B3-455A-9DFE-CC5A44165F53}.Release|Any CPU.Build.0 = Release|Any CPU
		{C33AAE2F-858D-45F3-BD10-F710C400EE08}.Debug|Any CPU.ActiveCfg = Debug|Any CPU
		{C33AAE2F-858D-45F3-BD10-F710C400EE08}.Debug|Any CPU.Build.0 = Debug|Any CPU
		{C33AAE2F-858D-45F3-BD10-F710C400EE08}.Release|Any CPU.ActiveCfg = Release|Any CPU
		{C33AAE2F-858D-45F3-BD10-F710C400EE08}.Release|Any CPU.Build.0 = Release|Any CPU
		{2BBE9280-D23B-4563-82A6-34550B31BACA}.Debug|Any CPU.ActiveCfg = Debug|Any CPU
		{2BBE9280-D23B-4563-82A6-34550B31BACA}.Debug|Any CPU.Build.0 = Debug|Any CPU
		{2BBE9280-D23B-4563-82A6-34550B31BACA}.Release|Any CPU.ActiveCfg = Release|Any CPU
		{2BBE9280-D23B-4563-82A6-34550B31BACA}.Release|Any CPU.Build.0 = Release|Any CPU
		{87193E3F-6E26-47DA-8507-B496D93E7E67}.Debug|Any CPU.ActiveCfg = Debug|Any CPU
		{87193E3F-6E26-47DA-8507-B496D93E7E67}.Debug|Any CPU.Build.0 = Debug|Any CPU
		{87193E3F-6E26-47DA-8507-B496D93E7E67}.Release|Any CPU.ActiveCfg = Release|Any CPU
		{87193E3F-6E26-47DA-8507-B496D93E7E67}.Release|Any CPU.Build.0 = Release|Any CPU
	EndGlobalSection
	GlobalSection(SolutionProperties) = preSolution
		HideSolutionNode = FALSE
	EndGlobalSection
EndGlobal
